
Microsoft Visual Studio Solution File, Format Version 12.00
# Visual Studio Version 17
VisualStudioVersion = 17.11.35312.102
MinimumVisualStudioVersion = 10.0.40219.1
Project("{9A19103F-16F7-4668-BE54-9A1E7A4F7556}") = "Leaderboard.Core", "Leaderboard.Core\Leaderboard.Core.csproj", "{77C95C6C-6CDA-4433-94A0-5F1D5F6BA811}"
EndProject
Project("{9A19103F-16F7-4668-BE54-9A1E7A4F7556}") = "Leaderboard.Service", "Leaderboard.Service\Leaderboard.Service.csproj", "{97802BE5-04DD-472E-A0B5-4537AD600EA6}"
EndProject
Project("{FAE04EC0-301F-11D3-BF4B-00C04F79EFBC}") = "Leaderboard.WebApi", "Leaderboard.WebApi\Leaderboard.WebApi.csproj", "{84662B19-EDA3-4AF2-B504-120922403725}"
EndProject
Global
	GlobalSection(SolutionConfigurationPlatforms) = preSolution
		Debug|Any CPU = Debug|Any CPU
		Release|Any CPU = Release|Any CPU
	EndGlobalSection
	GlobalSection(ProjectConfigurationPlatforms) = postSolution
		{77C95C6C-6CDA-4433-94A0-5F1D5F6BA811}.Debug|Any CPU.ActiveCfg = Debug|Any CPU
		{77C95C6C-6CDA-4433-94A0-5F1D5F6BA811}.Debug|Any CPU.Build.0 = Debug|Any CPU
		{77C95C6C-6CDA-4433-94A0-5F1D5F6BA811}.Release|Any CPU.ActiveCfg = Release|Any CPU
		{77C95C6C-6CDA-4433-94A0-5F1D5F6BA811}.Release|Any CPU.Build.0 = Release|Any CPU
		{97802BE5-04DD-472E-A0B5-4537AD600EA6}.Debug|Any CPU.ActiveCfg = Debug|Any CPU
		{97802BE5-04DD-472E-A0B5-4537AD600EA6}.Debug|Any CPU.Build.0 = Debug|Any CPU
		{97802BE5-04DD-472E-A0B5-4537AD600EA6}.Release|Any CPU.ActiveCfg = Release|Any CPU
		{97802BE5-04DD-472E-A0B5-4537AD600EA6}.Release|Any CPU.Build.0 = Release|Any CPU
		{84662B19-EDA3-4AF2-B504-120922403725}.Debug|Any CPU.ActiveCfg = Debug|Any CPU
		{84662B19-EDA3-4AF2-B504-120922403725}.Debug|Any CPU.Build.0 = Debug|Any CPU
		{84662B19-EDA3-4AF2-B504-120922403725}.Release|Any CPU.ActiveCfg = Release|Any CPU
		{84662B19-EDA3-4AF2-B504-120922403725}.Release|Any CPU.Build.0 = Release|Any CPU
	EndGlobalSection
	GlobalSection(SolutionProperties) = preSolution
		HideSolutionNode = FALSE
	EndGlobalSection
	GlobalSection(ExtensibilityGlobals) = postSolution
		SolutionGuid = {D348B003-8CD4-4D5B-9E42-DE3CC4945ABA}
	EndGlobalSection
EndGlobal
